EP Version:          EP-1.0
Frozen:              2026-09-27
Frozen by:           Maddy McKellar
Manifest SHA-256:    bb2f8d664419fbc572cb457e8cc0c10c4f3c48ff585f57969907095b0073257f
Baseline commit:     f90b77ab73cb7ae20b1084ad94fb5bc159afa841
Approval note:       EP-1.0 frozen. Modifications permitted only via
                     EP-2.0 with human approval. Container identity is
                     the Git tag EP-1.0, not a field in this file.
