EP Version:          EP-6.0
Frozen:              2026-09-28
Frozen by:           Maddy McKellar
Manifest SHA-256:    13f29b19f8601fea1b1d8dabb830fc045994a5c7ed991cda9cb0948122af0e86
Historical baseline: f90b77ab73cb7ae20b1084ad94fb5bc159afa841
M2 execution baseline: cfda19f0e5d8eeb1af1407a097660819efbbdb31
Supersedes:          EP-5.0
Approval note:       EP-6.0 supersedes EP-5.0. Amends §6.1.3
                     (Transfer, Site operational suspension,
                     Site-scope opt-out) and §7.3.2 (catalogue:
                     +SiteOperationalSuspension, +SiteRequirementOptOut).
                     AMB-003, AMB-004, AMB-005 resolved 2026-09-28.
                     EP-1.0 through EP-5.0 remain historically valid
                     and unchanged. Modifications permitted only via
                     EP-7.0 with human approval. Container identity
                     is the Git tag EP-6.0, not a field in this file.
